
Microsoft Visual Studio Solution File, Format Version 12.00
# Visual Studio Version 17
VisualStudioVersion = 17.0.31903.59
MinimumVisualStudioVersion = 10.0.40219.1
Project("{2150E333-8FDC-42A3-9474-1A3956D46DE8}") = "src", "src", "{827E0CD3-B72D-47B6-A68D-7590B98EB39B}"
EndProject
Project("{FAE04EC0-301F-11D3-BF4B-00C04F79EFBC}") = "LlamaCppSharp.Native", "src\LlamaCppSharp.Native\LlamaCppSharp.Native.csproj", "{A020954F-F277-44A1-9BDD-AAD2A6539105}"
EndProject
Project("{FAE04EC0-301F-11D3-BF4B-00C04F79EFBC}") = "LlamaCppSharp", "src\LlamaCppSharp\LlamaCppSharp.csproj", "{1BE62D38-09DF-444A-9096-6E6E23560B0F}"
EndProject
Project("{FAE04EC0-301F-11D3-BF4B-00C04F79EFBC}") = "LocalAgent.Abstractions", "src\LocalAgent.Abstractions\LocalAgent.Abstractions.csproj", "{3C40729E-305B-450E-9690-DC0CA6D7F6D0}"
EndProject
Project("{FAE04EC0-301F-11D3-BF4B-00C04F79EFBC}") = "LocalAgent.Runtime", "src\LocalAgent.Runtime\LocalAgent.Runtime.csproj", "{61E09A33-16A9-49AF-A752-0E88C4E9D8D1}"
EndProject
Project("{FAE04EC0-301F-11D3-BF4B-00C04F79EFBC}") = "LocalAgent.Inference.LlamaCpp", "src\LocalAgent.Inference.LlamaCpp\LocalAgent.Inference.LlamaCpp.csproj", "{2760F03D-DCAA-498B-83C7-9CA47F5112E4}"
EndProject
Project("{FAE04EC0-301F-11D3-BF4B-00C04F79EFBC}") = "LocalAgent.Inference.CodexCli", "src\LocalAgent.Inference.CodexCli\LocalAgent.Inference.CodexCli.csproj", "{5B370FD3-D165-4A17-BC2D-C5ACFC94B1F3}"
EndProject
Project("{FAE04EC0-301F-11D3-BF4B-00C04F79EFBC}") = "LocalAgent.Sandbox.Docker", "src\LocalAgent.Sandbox.Docker\LocalAgent.Sandbox.Docker.csproj", "{ADDB0605-E1E8-49A1-8691-18DDBCBBFD13}"
EndProject
Project("{FAE04EC0-301F-11D3-BF4B-00C04F79EFBC}") = "LocalAgent.Cli", "src\LocalAgent.Cli\LocalAgent.Cli.csproj", "{58AE83D6-60B5-4D47-920D-E782A0865E85}"
EndProject
Project("{2150E333-8FDC-42A3-9474-1A3956D46DE8}") = "tests", "tests", "{0AB3BF05-4346-4AA6-1389-037BE0695223}"
EndProject
Project("{FAE04EC0-301F-11D3-BF4B-00C04F79EFBC}") = "LocalAgent.Abstractions.Tests", "tests\LocalAgent.Abstractions.Tests\LocalAgent.Abstractions.Tests.csproj", "{C67C1C1A-133C-464C-89F4-FB0A61147C8B}"
EndProject
Project("{FAE04EC0-301F-11D3-BF4B-00C04F79EFBC}") = "LocalAgent.Runtime.Tests", "tests\LocalAgent.Runtime.Tests\LocalAgent.Runtime.Tests.csproj", "{3BA92783-6E67-4970-B960-7239EBCF4A31}"
EndProject
Project("{FAE04EC0-301F-11D3-BF4B-00C04F79EFBC}") = "LocalAgent.Cli.Tests", "tests\LocalAgent.Cli.Tests\LocalAgent.Cli.Tests.csproj", "{8C1C8AF6-9341-4EAB-AB64-65DD7EEFCC02}"
EndProject
Project("{FAE04EC0-301F-11D3-BF4B-00C04F79EFBC}") = "LocalAgent.Sandbox.Docker.Tests", "tests\LocalAgent.Sandbox.Docker.Tests\LocalAgent.Sandbox.Docker.Tests.csproj", "{39A4654A-5CF5-4198-8002-2B3187470490}"
EndProject
Global
	GlobalSection(SolutionConfigurationPlatforms) = preSolution
		Debug|Any CPU = Debug|Any CPU
		Debug|x64 = Debug|x64
		Debug|x86 = Debug|x86
		Release|Any CPU = Release|Any CPU
		Release|x64 = Release|x64
		Release|x86 = Release|x86
	EndGlobalSection
	GlobalSection(ProjectConfigurationPlatforms) = postSolution
		{A020954F-F277-44A1-9BDD-AAD2A6539105}.Debug|Any CPU.ActiveCfg = Debug|Any CPU
		{A020954F-F277-44A1-9BDD-AAD2A6539105}.Debug|Any CPU.Build.0 = Debug|Any CPU
		{A020954F-F277-44A1-9BDD-AAD2A6539105}.Debug|x64.ActiveCfg = Debug|Any CPU
		{A020954F-F277-44A1-9BDD-AAD2A6539105}.Debug|x64.Build.0 = Debug|Any CPU
		{A020954F-F277-44A1-9BDD-AAD2A6539105}.Debug|x86.ActiveCfg = Debug|Any CPU
		{A020954F-F277-44A1-9BDD-AAD2A6539105}.Debug|x86.Build.0 = Debug|Any CPU
		{A020954F-F277-44A1-9BDD-AAD2A6539105}.Release|Any CPU.ActiveCfg = Release|Any CPU
		{A020954F-F277-44A1-9BDD-AAD2A6539105}.Release|Any CPU.Build.0 = Release|Any CPU
		{A020954F-F277-44A1-9BDD-AAD2A6539105}.Release|x64.ActiveCfg = Release|Any CPU
		{A020954F-F277-44A1-9BDD-AAD2A6539105}.Release|x64.Build.0 = Release|Any CPU
		{A020954F-F277-44A1-9BDD-AAD2A6539105}.Release|x86.ActiveCfg = Release|Any CPU
		{A020954F-F277-44A1-9BDD-AAD2A6539105}.Release|x86.Build.0 = Release|Any CPU
		{1BE62D38-09DF-444A-9096-6E6E23560B0F}.Debug|Any CPU.ActiveCfg = Debug|Any CPU
		{1BE62D38-09DF-444A-9096-6E6E23560B0F}.Debug|Any CPU.Build.0 = Debug|Any CPU
		{1BE62D38-09DF-444A-9096-6E6E23560B0F}.Debug|x64.ActiveCfg = Debug|Any CPU
		{1BE62D38-09DF-444A-9096-6E6E23560B0F}.Debug|x64.Build.0 = Debug|Any CPU
		{1BE62D38-09DF-444A-9096-6E6E23560B0F}.Debug|x86.ActiveCfg = Debug|Any CPU
		{1BE62D38-09DF-444A-9096-6E6E23560B0F}.Debug|x86.Build.0 = Debug|Any CPU
		{1BE62D38-09DF-444A-9096-6E6E23560B0F}.Release|Any CPU.ActiveCfg = Release|Any CPU
		{1BE62D38-09DF-444A-9096-6E6E23560B0F}.Release|Any CPU.Build.0 = Release|Any CPU
		{1BE62D38-09DF-444A-9096-6E6E23560B0F}.Release|x64.ActiveCfg = Release|Any CPU
		{1BE62D38-09DF-444A-9096-6E6E23560B0F}.Release|x64.Build.0 = Release|Any CPU
		{1BE62D38-09DF-444A-9096-6E6E23560B0F}.Release|x86.ActiveCfg = Release|Any CPU
		{1BE62D38-09DF-444A-9096-6E6E23560B0F}.Release|x86.Build.0 = Release|Any CPU
		{3C40729E-305B-450E-9690-DC0CA6D7F6D0}.Debug|Any CPU.ActiveCfg = Debug|Any CPU
		{3C40729E-305B-450E-9690-DC0CA6D7F6D0}.Debug|Any CPU.Build.0 = Debug|Any CPU
		{3C40729E-305B-450E-9690-DC0CA6D7F6D0}.Debug|x64.ActiveCfg = Debug|Any CPU
		{3C40729E-305B-450E-9690-DC0CA6D7F6D0}.Debug|x64.Build.0 = Debug|Any CPU
		{3C40729E-305B-450E-9690-DC0CA6D7F6D0}.Debug|x86.ActiveCfg = Debug|Any CPU
		{3C40729E-305B-450E-9690-DC0CA6D7F6D0}.Debug|x86.Build.0 = Debug|Any CPU
		{3C40729E-305B-450E-9690-DC0CA6D7F6D0}.Release|Any CPU.ActiveCfg = Release|Any CPU
		{3C40729E-305B-450E-9690-DC0CA6D7F6D0}.Release|Any CPU.Build.0 = Release|Any CPU
		{3C40729E-305B-450E-9690-DC0CA6D7F6D0}.Release|x64.ActiveCfg = Release|Any CPU
		{3C40729E-305B-450E-9690-DC0CA6D7F6D0}.Release|x64.Build.0 = Release|Any CPU
		{3C40729E-305B-450E-9690-DC0CA6D7F6D0}.Release|x86.ActiveCfg = Release|Any CPU
		{3C40729E-305B-450E-9690-DC0CA6D7F6D0}.Release|x86.Build.0 = Release|Any CPU
		{61E09A33-16A9-49AF-A752-0E88C4E9D8D1}.Debug|Any CPU.ActiveCfg = Debug|Any CPU
		{61E09A33-16A9-49AF-A752-0E88C4E9D8D1}.Debug|Any CPU.Build.0 = Debug|Any CPU
		{61E09A33-16A9-49AF-A752-0E88C4E9D8D1}.Debug|x64.ActiveCfg = Debug|Any CPU
		{61E09A33-16A9-49AF-A752-0E88C4E9D8D1}.Debug|x64.Build.0 = Debug|Any CPU
		{61E09A33-16A9-49AF-A752-0E88C4E9D8D1}.Debug|x86.ActiveCfg = Debug|Any CPU
		{61E09A33-16A9-49AF-A752-0E88C4E9D8D1}.Debug|x86.Build.0 = Debug|Any CPU
		{61E09A33-16A9-49AF-A752-0E88C4E9D8D1}.Release|Any CPU.ActiveCfg = Release|Any CPU
		{61E09A33-16A9-49AF-A752-0E88C4E9D8D1}.Release|Any CPU.Build.0 = Release|Any CPU
		{61E09A33-16A9-49AF-A752-0E88C4E9D8D1}.Release|x64.ActiveCfg = Release|Any CPU
		{61E09A33-16A9-49AF-A752-0E88C4E9D8D1}.Release|x64.Build.0 = Release|Any CPU
		{61E09A33-16A9-49AF-A752-0E88C4E9D8D1}.Release|x86.ActiveCfg = Release|Any CPU
		{61E09A33-16A9-49AF-A752-0E88C4E9D8D1}.Release|x86.Build.0 = Release|Any CPU
		{2760F03D-DCAA-498B-83C7-9CA47F5112E4}.Debug|Any CPU.ActiveCfg = Debug|Any CPU
		{2760F03D-DCAA-498B-83C7-9CA47F5112E4}.Debug|Any CPU.Build.0 = Debug|Any CPU
		{2760F03D-DCAA-498B-83C7-9CA47F5112E4}.Debug|x64.ActiveCfg = Debug|Any CPU
		{2760F03D-DCAA-498B-83C7-9CA47F5112E4}.Debug|x64.Build.0 = Debug|Any CPU
		{2760F03D-DCAA-498B-83C7-9CA47F5112E4}.Debug|x86.ActiveCfg = Debug|Any CPU
		{2760F03D-DCAA-498B-83C7-9CA47F5112E4}.Debug|x86.Build.0 = Debug|Any CPU
		{2760F03D-DCAA-498B-83C7-9CA47F5112E4}.Release|Any CPU.ActiveCfg = Release|Any CPU
		{2760F03D-DCAA-498B-83C7-9CA47F5112E4}.Release|Any CPU.Build.0 = Release|Any CPU
		{2760F03D-DCAA-498B-83C7-9CA47F5112E4}.Release|x64.ActiveCfg = Release|Any CPU
		{2760F03D-DCAA-498B-83C7-9CA47F5112E4}.Release|x64.Build.0 = Release|Any CPU
		{2760F03D-DCAA-498B-83C7-9CA47F5112E4}.Release|x86.ActiveCfg = Release|Any CPU
		{2760F03D-DCAA-498B-83C7-9CA47F5112E4}.Release|x86.Build.0 = Release|Any CPU
		{5B370FD3-D165-4A17-BC2D-C5ACFC94B1F3}.Debug|Any CPU.ActiveCfg = Debug|Any CPU
		{5B370FD3-D165-4A17-BC2D-C5ACFC94B1F3}.Debug|Any CPU.Build.0 = Debug|Any CPU
		{5B370FD3-D165-4A17-BC2D-C5ACFC94B1F3}.Debug|x64.ActiveCfg = Debug|Any CPU
		{5B370FD3-D165-4A17-BC2D-C5ACFC94B1F3}.Debug|x64.Build.0 = Debug|Any CPU
		{5B370FD3-D165-4A17-BC2D-C5ACFC94B1F3}.Debug|x86.ActiveCfg = Debug|Any CPU
		{5B370FD3-D165-4A17-BC2D-C5ACFC94B1F3}.Debug|x86.Build.0 = Debug|Any CPU
		{5B370FD3-D165-4A17-BC2D-C5ACFC94B1F3}.Release|Any CPU.ActiveCfg = Release|Any CPU
		{5B370FD3-D165-4A17-BC2D-C5ACFC94B1F3}.Release|Any CPU.Build.0 = Release|Any CPU
		{5B370FD3-D165-4A17-BC2D-C5ACFC94B1F3}.Release|x64.ActiveCfg = Release|Any CPU
		{5B370FD3-D165-4A17-BC2D-C5ACFC94B1F3}.Release|x64.Build.0 = Release|Any CPU
		{5B370FD3-D165-4A17-BC2D-C5ACFC94B1F3}.Release|x86.ActiveCfg = Release|Any CPU
		{5B370FD3-D165-4A17-BC2D-C5ACFC94B1F3}.Release|x86.Build.0 = Release|Any CPU
		{ADDB0605-E1E8-49A1-8691-18DDBCBBFD13}.Debug|Any CPU.ActiveCfg = Debug|Any CPU
		{ADDB0605-E1E8-49A1-8691-18DDBCBBFD13}.Debug|Any CPU.Build.0 = Debug|Any CPU
		{ADDB0605-E1E8-49A1-8691-18DDBCBBFD13}.Debug|x64.ActiveCfg = Debug|Any CPU
		{ADDB0605-E1E8-49A1-8691-18DDBCBBFD13}.Debug|x64.Build.0 = Debug|Any CPU
		{ADDB0605-E1E8-49A1-8691-18DDBCBBFD13}.Debug|x86.ActiveCfg = Debug|Any CPU
		{ADDB0605-E1E8-49A1-8691-18DDBCBBFD13}.Debug|x86.Build.0 = Debug|Any CPU
		{ADDB0605-E1E8-49A1-8691-18DDBCBBFD13}.Release|Any CPU.ActiveCfg = Release|Any CPU
		{ADDB0605-E1E8-49A1-8691-18DDBCBBFD13}.Release|Any CPU.Build.0 = Release|Any CPU
		{ADDB0605-E1E8-49A1-8691-18DDBCBBFD13}.Release|x64.ActiveCfg = Release|Any CPU
		{ADDB0605-E1E8-49A1-8691-18DDBCBBFD13}.Release|x64.Build.0 = Release|Any CPU
		{ADDB0605-E1E8-49A1-8691-18DDBCBBFD13}.Release|x86.ActiveCfg = Release|Any CPU
		{ADDB0605-E1E8-49A1-8691-18DDBCBBFD13}.Release|x86.Build.0 = Release|Any CPU
		{58AE83D6-60B5-4D47-920D-E782A0865E85}.Debug|Any CPU.ActiveCfg = Debug|Any CPU
		{58AE83D6-60B5-4D47-920D-E782A0865E85}.Debug|Any CPU.Build.0 = Debug|Any CPU
		{58AE83D6-60B5-4D47-920D-E782A0865E85}.Debug|x64.ActiveCfg = Debug|Any CPU
		{58AE83D6-60B5-4D47-920D-E782A0865E85}.Debug|x64.Build.0 = Debug|Any CPU
		{58AE83D6-60B5-4D47-920D-E782A0865E85}.Debug|x86.ActiveCfg = Debug|Any CPU
		{58AE83D6-60B5-4D47-920D-E782A0865E85}.Debug|x86.Build.0 = Debug|Any CPU
		{58AE83D6-60B5-4D47-920D-E782A0865E85}.Release|Any CPU.ActiveCfg = Release|Any CPU
		{58AE83D6-60B5-4D47-920D-E782A0865E85}.Release|Any CPU.Build.0 = Release|Any CPU
		{58AE83D6-60B5-4D47-920D-E782A0865E85}.Release|x64.ActiveCfg = Release|Any CPU
		{58AE83D6-60B5-4D47-920D-E782A0865E85}.Release|x64.Build.0 = Release|Any CPU
		{58AE83D6-60B5-4D47-920D-E782A0865E85}.Release|x86.ActiveCfg = Release|Any CPU
		{58AE83D6-60B5-4D47-920D-E782A0865E85}.Release|x86.Build.0 = Release|Any CPU
		{C67C1C1A-133C-464C-89F4-FB0A61147C8B}.Debug|Any CPU.ActiveCfg = Debug|Any CPU
		{C67C1C1A-133C-464C-89F4-FB0A61147C8B}.Debug|Any CPU.Build.0 = Debug|Any CPU
		{C67C1C1A-133C-464C-89F4-FB0A61147C8B}.Debug|x64.ActiveCfg = Debug|Any CPU
		{C67C1C1A-133C-464C-89F4-FB0A61147C8B}.Debug|x64.Build.0 = Debug|Any CPU
		{C67C1C1A-133C-464C-89F4-FB0A61147C8B}.Debug|x86.ActiveCfg = Debug|Any CPU
		{C67C1C1A-133C-464C-89F4-FB0A61147C8B}.Debug|x86.Build.0 = Debug|Any CPU
		{C67C1C1A-133C-464C-89F4-FB0A61147C8B}.Release|Any CPU.ActiveCfg = Release|Any CPU
		{C67C1C1A-133C-464C-89F4-FB0A61147C8B}.Release|Any CPU.Build.0 = Release|Any CPU
		{C67C1C1A-133C-464C-89F4-FB0A61147C8B}.Release|x64.ActiveCfg = Release|Any CPU
		{C67C1C1A-133C-464C-89F4-FB0A61147C8B}.Release|x64.Build.0 = Release|Any CPU
		{C67C1C1A-133C-464C-89F4-FB0A61147C8B}.Release|x86.ActiveCfg = Release|Any CPU
		{C67C1C1A-133C-464C-89F4-FB0A61147C8B}.Release|x86.Build.0 = Release|Any CPU
		{3BA92783-6E67-4970-B960-7239EBCF4A31}.Debug|Any CPU.ActiveCfg = Debug|Any CPU
		{3BA92783-6E67-4970-B960-7239EBCF4A31}.Debug|Any CPU.Build.0 = Debug|Any CPU
		{3BA92783-6E67-4970-B960-7239EBCF4A31}.Debug|x64.ActiveCfg = Debug|Any CPU
		{3BA92783-6E67-4970-B960-7239EBCF4A31}.Debug|x64.Build.0 = Debug|Any CPU
		{3BA92783-6E67-4970-B960-7239EBCF4A31}.Debug|x86.ActiveCfg = Debug|Any CPU
		{3BA92783-6E67-4970-B960-7239EBCF4A31}.Debug|x86.Build.0 = Debug|Any CPU
		{3BA92783-6E67-4970-B960-7239EBCF4A31}.Release|Any CPU.ActiveCfg = Release|Any CPU
		{3BA92783-6E67-4970-B960-7239EBCF4A31}.Release|Any CPU.Build.0 = Release|Any CPU
		{3BA92783-6E67-4970-B960-7239EBCF4A31}.Release|x64.ActiveCfg = Release|Any CPU
		{3BA92783-6E67-4970-B960-7239EBCF4A31}.Release|x64.Build.0 = Release|Any CPU
		{3BA92783-6E67-4970-B960-7239EBCF4A31}.Release|x86.ActiveCfg = Release|Any CPU
		{3BA92783-6E67-4970-B960-7239EBCF4A31}.Release|x86.Build.0 = Release|Any CPU
		{8C1C8AF6-9341-4EAB-AB64-65DD7EEFCC02}.Debug|Any CPU.ActiveCfg = Debug|Any CPU
		{8C1C8AF6-9341-4EAB-AB64-65DD7EEFCC02}.Debug|Any CPU.Build.0 = Debug|Any CPU
		{8C1C8AF6-9341-4EAB-AB64-65DD7EEFCC02}.Debug|x64.ActiveCfg = Debug|Any CPU
		{8C1C8AF6-9341-4EAB-AB64-65DD7EEFCC02}.Debug|x64.Build.0 = Debug|Any CPU
		{8C1C8AF6-9341-4EAB-AB64-65DD7EEFCC02}.Debug|x86.ActiveCfg = Debug|Any CPU
		{8C1C8AF6-9341-4EAB-AB64-65DD7EEFCC02}.Debug|x86.Build.0 = Debug|Any CPU
		{8C1C8AF6-9341-4EAB-AB64-65DD7EEFCC02}.Release|Any CPU.ActiveCfg = Release|Any CPU
		{8C1C8AF6-9341-4EAB-AB64-65DD7EEFCC02}.Release|Any CPU.Build.0 = Release|Any CPU
		{8C1C8AF6-9341-4EAB-AB64-65DD7EEFCC02}.Release|x64.ActiveCfg = Release|Any CPU
		{8C1C8AF6-9341-4EAB-AB64-65DD7EEFCC02}.Release|x64.Build.0 = Release|Any CPU
		{8C1C8AF6-9341-4EAB-AB64-65DD7EEFCC02}.Release|x86.ActiveCfg = Release|Any CPU
		{8C1C8AF6-9341-4EAB-AB64-65DD7EEFCC02}.Release|x86.Build.0 = Release|Any CPU
		{39A4654A-5CF5-4198-8002-2B3187470490}.Debug|Any CPU.ActiveCfg = Debug|Any CPU
		{39A4654A-5CF5-4198-8002-2B3187470490}.Debug|Any CPU.Build.0 = Debug|Any CPU
		{39A4654A-5CF5-4198-8002-2B3187470490}.Debug|x64.ActiveCfg = Debug|Any CPU
		{39A4654A-5CF5-4198-8002-2B3187470490}.Debug|x64.Build.0 = Debug|Any CPU
		{39A4654A-5CF5-4198-8002-2B3187470490}.Debug|x86.ActiveCfg = Debug|Any CPU
		{39A4654A-5CF5-4198-8002-2B3187470490}.Debug|x86.Build.0 = Debug|Any CPU
		{39A4654A-5CF5-4198-8002-2B3187470490}.Release|Any CPU.ActiveCfg = Release|Any CPU
		{39A4654A-5CF5-4198-8002-2B3187470490}.Release|Any CPU.Build.0 = Release|Any CPU
		{39A4654A-5CF5-4198-8002-2B3187470490}.Release|x64.ActiveCfg = Release|Any CPU
		{39A4654A-5CF5-4198-8002-2B3187470490}.Release|x64.Build.0 = Release|Any CPU
		{39A4654A-5CF5-4198-8002-2B3187470490}.Release|x86.ActiveCfg = Release|Any CPU
		{39A4654A-5CF5-4198-8002-2B3187470490}.Release|x86.Build.0 = Release|Any CPU
	EndGlobalSection
	GlobalSection(SolutionProperties) = preSolution
		HideSolutionNode = FALSE
	EndGlobalSection
	GlobalSection(NestedProjects) = preSolution
		{A020954F-F277-44A1-9BDD-AAD2A6539105} = {827E0CD3-B72D-47B6-A68D-7590B98EB39B}
		{1BE62D38-09DF-444A-9096-6E6E23560B0F} = {827E0CD3-B72D-47B6-A68D-7590B98EB39B}
		{3C40729E-305B-450E-9690-DC0CA6D7F6D0} = {827E0CD3-B72D-47B6-A68D-7590B98EB39B}
		{61E09A33-16A9-49AF-A752-0E88C4E9D8D1} = {827E0CD3-B72D-47B6-A68D-7590B98EB39B}
		{2760F03D-DCAA-498B-83C7-9CA47F5112E4} = {827E0CD3-B72D-47B6-A68D-7590B98EB39B}
		{5B370FD3-D165-4A17-BC2D-C5ACFC94B1F3} = {827E0CD3-B72D-47B6-A68D-7590B98EB39B}
		{ADDB0605-E1E8-49A1-8691-18DDBCBBFD13} = {827E0CD3-B72D-47B6-A68D-7590B98EB39B}
		{58AE83D6-60B5-4D47-920D-E782A0865E85} = {827E0CD3-B72D-47B6-A68D-7590B98EB39B}
		{C67C1C1A-133C-464C-89F4-FB0A61147C8B} = {0AB3BF05-4346-4AA6-1389-037BE0695223}
		{3BA92783-6E67-4970-B960-7239EBCF4A31} = {0AB3BF05-4346-4AA6-1389-037BE0695223}
		{8C1C8AF6-9341-4EAB-AB64-65DD7EEFCC02} = {0AB3BF05-4346-4AA6-1389-037BE0695223}
		{39A4654A-5CF5-4198-8002-2B3187470490} = {0AB3BF05-4346-4AA6-1389-037BE0695223}
	EndGlobalSection
EndGlobal
